Microsoft Visual Studio Solution File, Format Version 12.00
# Visual Studio Version 17
VisualStudioVersion = 17.5.2.0
MinimumVisualStudioVersion = 10.0.40219.1
Project("{FAE04EC0-301F-11D3-BF4B-00C04F79EFBC}") = "IMCCalculator", "IMCCalculator.csproj", "{43A6E6E2-8049-C7CF-8336-FB8A3186E57B}"
EndProject
Global
	GlobalSection(SolutionConfigurationPlatforms) = preSolution
		Debug|Any CPU = Debug|Any CPU
		Release|Any CPU = Release|Any CPU
	EndGlobalSection
	GlobalSection(ProjectConfigurationPlatforms) = postSolution
		{43A6E6E2-8049-C7CF-8336-FB8A3186E57B}.Debug|Any CPU.ActiveCfg = Debug|Any CPU
		{43A6E6E2-8049-C7CF-8336-FB8A3186E57B}.Debug|Any CPU.Build.0 = Debug|Any CPU
		{43A6E6E2-8049-C7CF-8336-FB8A3186E57B}.Release|Any CPU.ActiveCfg = Release|Any CPU
		{43A6E6E2-8049-C7CF-8336-FB8A3186E57B}.Release|Any CPU.Build.0 = Release|Any CPU
	EndGlobalSection
	GlobalSection(SolutionProperties) = preSolution
		HideSolutionNode = FALSE
	EndGlobalSection
	GlobalSection(ExtensibilityGlobals) = postSolution
		SolutionGuid = {DC7C3161-815D-4ECF-B3D1-01C21E5695C4}
	EndGlobalSection
EndGlobal
